github.com/commander-spaceman/me2lzo v0.0.0-20260608002332-2836402dfade h1:1ZjIaGgHRrI/1JXFUlU5e4lh1T2C2hpfyhlNeoWUZE0=
github.com/commander-spaceman/me2lzo v0.0.0-20260608002332-2836402dfade/go.mod h1:9BUBCCBihRv3PQE/l6Aff9rdxR+kcVtlUcqAiQ5SAsA=
github.com/commander-spaceman/me2lzo v1.0.0 h1:tOLogtgJ7e6mGgOogH0QBqHyPdCDFAwh0YFlDay00ak=
github.com/commander-spaceman/me2lzo v1.0.0/go.mod h1:9BUBCCBihRv3PQE/l6Aff9rdxR+kcVtlUcqAiQ5SAsA=
