github.com/commander-spaceman/me2lzo v1.0.0 h1:tOLogtgJ7e6mGgOogH0QBqHyPdCDFAwh0YFlDay00ak=
github.com/commander-spaceman/me2lzo v1.0.0/go.mod h1:9BUBCCBihRv3PQE/l6Aff9rdxR+kcVtlUcqAiQ5SAsA=
github.com/commander-spaceman/me2tlk v0.0.0-20260608153259-e989349340b2 h1:oEyCwQk/MsEw+FVHIRJql4z3fmpNZ1AhGcv3ug47upY=
github.com/commander-spaceman/me2tlk v0.0.0-20260608153259-e989349340b2/go.mod h1:XklnY2cthUY4YnvYj8fGC1/IVNnG2ePmvsIAxFVWiO4=
